
Microsoft Visual Studio Solution File, Format Version 12.00
# Visual Studio Version 17
VisualStudioVersion = 17.3.32708.82
MinimumVisualStudioVersion = 10.0.40219.1
Project("{FAE04EC0-301F-11D3-BF4B-00C04F79EFBC}") = "WebAPI_DotNetTutotorials", "WebAPI_DotNetTutotorials.csproj", "{F4E15757-7D21-48CA-AD89-46E13CAA52BB}"
EndProject
Global
	GlobalSection(SolutionConfigurationPlatforms) = preSolution
		Debug|Any CPU = Debug|Any CPU
		Release|Any CPU = Release|Any CPU
	EndGlobalSection
	GlobalSection(ProjectConfigurationPlatforms) = postSolution
		{F4E15757-7D21-48CA-AD89-46E13CAA52BB}.Debug|Any CPU.ActiveCfg = Debug|Any CPU
		{F4E15757-7D21-48CA-AD89-46E13CAA52BB}.Debug|Any CPU.Build.0 = Debug|Any CPU
		{F4E15757-7D21-48CA-AD89-46E13CAA52BB}.Release|Any CPU.ActiveCfg = Release|Any CPU
		{F4E15757-7D21-48CA-AD89-46E13CAA52BB}.Release|Any CPU.Build.0 = Release|Any CPU
	EndGlobalSection
	GlobalSection(SolutionProperties) = preSolution
		HideSolutionNode = FALSE
	EndGlobalSection
	GlobalSection(ExtensibilityGlobals) = postSolution
		SolutionGuid = {F86E42C5-A8FC-4F1F-928C-B10CCB78A1DB}
	EndGlobalSection
EndGlobal
